
Microsoft Visual Studio Solution File, Format Version 12.00
# Visual Studio Version 16
VisualStudioVersion = 16.0.31624.102
MinimumVisualStudioVersion = 10.0.40219.1
Project("{FAE04EC0-301F-11D3-BF4B-00C04F79EFBC}") = "Xceptional test", "Xceptional test\Xceptional test.csproj", "{5256048D-5736-4F23-AEFE-18BF59861372}"
EndProject
Global
	GlobalSection(SolutionConfigurationPlatforms) = preSolution
		Debug|Any CPU = Debug|Any CPU
		Release|Any CPU = Release|Any CPU
	EndGlobalSection
	GlobalSection(ProjectConfigurationPlatforms) = postSolution
		{5256048D-5736-4F23-AEFE-18BF59861372}.Debug|Any CPU.ActiveCfg = Debug|Any CPU
		{5256048D-5736-4F23-AEFE-18BF59861372}.Debug|Any CPU.Build.0 = Debug|Any CPU
		{5256048D-5736-4F23-AEFE-18BF59861372}.Release|Any CPU.ActiveCfg = Release|Any CPU
		{5256048D-5736-4F23-AEFE-18BF59861372}.Release|Any CPU.Build.0 = Release|Any CPU
	EndGlobalSection
	GlobalSection(SolutionProperties) = preSolution
		HideSolutionNode = FALSE
	EndGlobalSection
	GlobalSection(ExtensibilityGlobals) = postSolution
		SolutionGuid = {ACED088A-10AB-4DCF-A24F-53483EDB177B}
	EndGlobalSection
EndGlobal
